
Microsoft Visual Studio Solution File, Format Version 12.00
# Visual Studio Version 17
VisualStudioVersion = 17.7.34024.191
MinimumVisualStudioVersion = 10.0.40219.1
Project("{FAE04EC0-301F-11D3-BF4B-00C04F79EFBC}") = "Grafics", "Grafics\Grafics.csproj", "{90E45C92-6E1A-4849-BFA8-C4F4EC135824}"
EndProject
Global
	GlobalSection(SolutionConfigurationPlatforms) = preSolution
		Debug|Any CPU = Debug|Any CPU
		Release|Any CPU = Release|Any CPU
	EndGlobalSection
	GlobalSection(ProjectConfigurationPlatforms) = postSolution
		{90E45C92-6E1A-4849-BFA8-C4F4EC135824}.Debug|Any CPU.ActiveCfg = Debug|Any CPU
		{90E45C92-6E1A-4849-BFA8-C4F4EC135824}.Debug|Any CPU.Build.0 = Debug|Any CPU
		{90E45C92-6E1A-4849-BFA8-C4F4EC135824}.Release|Any CPU.ActiveCfg = Release|Any CPU
		{90E45C92-6E1A-4849-BFA8-C4F4EC135824}.Release|Any CPU.Build.0 = Release|Any CPU
	EndGlobalSection
	GlobalSection(SolutionProperties) = preSolution
		HideSolutionNode = FALSE
	EndGlobalSection
	GlobalSection(ExtensibilityGlobals) = postSolution
		SolutionGuid = {B6DBAFD5-ECF6-404B-9AE8-B6CECD3D5A30}
	EndGlobalSection
EndGlobal
